
Microsoft Visual Studio Solution File, Format Version 12.00
# Visual Studio Version 17
VisualStudioVersion = 17.11.35327.3
MinimumVisualStudioVersion = 10.0.40219.1
Project("{FAE04EC0-301F-11D3-BF4B-00C04F79EFBC}") = "_4_pamoka_SwitchCase", "_4_pamoka_SwitchCase.csproj", "{9F3D984B-6051-4F24-BE17-6710B772FDCA}"
EndProject
Global
	GlobalSection(SolutionConfigurationPlatforms) = preSolution
		Debug|Any CPU = Debug|Any CPU
		Release|Any CPU = Release|Any CPU
	EndGlobalSection
	GlobalSection(ProjectConfigurationPlatforms) = postSolution
		{9F3D984B-6051-4F24-BE17-6710B772FDCA}.Debug|Any CPU.ActiveCfg = Debug|Any CPU
		{9F3D984B-6051-4F24-BE17-6710B772FDCA}.Debug|Any CPU.Build.0 = Debug|Any CPU
		{9F3D984B-6051-4F24-BE17-6710B772FDCA}.Release|Any CPU.ActiveCfg = Release|Any CPU
		{9F3D984B-6051-4F24-BE17-6710B772FDCA}.Release|Any CPU.Build.0 = Release|Any CPU
	EndGlobalSection
	GlobalSection(SolutionProperties) = preSolution
		HideSolutionNode = FALSE
	EndGlobalSection
	GlobalSection(ExtensibilityGlobals) = postSolution
		SolutionGuid = {7535D568-886D-49A2-8ED2-C7DEB341AA29}
	EndGlobalSection
EndGlobal
