
Microsoft Visual Studio Solution File, Format Version 12.00
# Visual Studio Version 17
VisualStudioVersion = 17.12.35521.163 d17.12
MinimumVisualStudioVersion = 10.0.40219.1
Project("{FAE04EC0-301F-11D3-BF4B-00C04F79EFBC}") = "13_oop_Lambda_Linq", "13_oop_Lambda_Linq.csproj", "{765C7A6F-0AB8-42A0-9FAE-6C8C35CF00BD}"
EndProject
Global
	GlobalSection(SolutionConfigurationPlatforms) = preSolution
		Debug|Any CPU = Debug|Any CPU
		Release|Any CPU = Release|Any CPU
	EndGlobalSection
	GlobalSection(ProjectConfigurationPlatforms) = postSolution
		{765C7A6F-0AB8-42A0-9FAE-6C8C35CF00BD}.Debug|Any CPU.ActiveCfg = Debug|Any CPU
		{765C7A6F-0AB8-42A0-9FAE-6C8C35CF00BD}.Debug|Any CPU.Build.0 = Debug|Any CPU
		{765C7A6F-0AB8-42A0-9FAE-6C8C35CF00BD}.Release|Any CPU.ActiveCfg = Release|Any CPU
		{765C7A6F-0AB8-42A0-9FAE-6C8C35CF00BD}.Release|Any CPU.Build.0 = Release|Any CPU
	EndGlobalSection
	GlobalSection(SolutionProperties) = preSolution
		HideSolutionNode = FALSE
	EndGlobalSection
EndGlobal
