
Microsoft Visual Studio Solution File, Format Version 12.00
# Visual Studio Version 17
VisualStudioVersion = 17.0.31903.59
MinimumVisualStudioVersion = 10.0.40219.1
Project("{2150E333-8FDC-42A3-9474-1A3956D46DE8}") = "DB_Kursas", "DB_Kursas", "{B24C9337-930D-44BE-AD86-32A58AC7E6DE}"
EndProject
Project("{FAE04EC0-301F-11D3-BF4B-00C04F79EFBC}") = "DB_5_paskaita", "DB_Kursas\DB_5_paskaita\DB_5_paskaita.csproj", "{540967B0-5BE6-4359-A3E7-97B33563B8C0}"
EndProject
Global
	GlobalSection(SolutionConfigurationPlatforms) = preSolution
		Debug|Any CPU = Debug|Any CPU
		Release|Any CPU = Release|Any CPU
	EndGlobalSection
	GlobalSection(SolutionProperties) = preSolution
		HideSolutionNode = FALSE
	EndGlobalSection
	GlobalSection(ProjectConfigurationPlatforms) = postSolution
		{540967B0-5BE6-4359-A3E7-97B33563B8C0}.Debug|Any CPU.ActiveCfg = Debug|Any CPU
		{540967B0-5BE6-4359-A3E7-97B33563B8C0}.Debug|Any CPU.Build.0 = Debug|Any CPU
		{540967B0-5BE6-4359-A3E7-97B33563B8C0}.Release|Any CPU.ActiveCfg = Release|Any CPU
		{540967B0-5BE6-4359-A3E7-97B33563B8C0}.Release|Any CPU.Build.0 = Release|Any CPU
	EndGlobalSection
	GlobalSection(NestedProjects) = preSolution
		{540967B0-5BE6-4359-A3E7-97B33563B8C0} = {B24C9337-930D-44BE-AD86-32A58AC7E6DE}
	EndGlobalSection
EndGlobal
