
Microsoft Visual Studio Solution File, Format Version 12.00
# Visual Studio Version 17
VisualStudioVersion = 17.11.35327.3
MinimumVisualStudioVersion = 10.0.40219.1
Project("{FAE04EC0-301F-11D3-BF4B-00C04F79EFBC}") = "7_paskaita_metodai", "7_paskaita_metodai.csproj", "{115E88D3-6138-4715-98F8-19563007644C}"
EndProject
Global
	GlobalSection(SolutionConfigurationPlatforms) = preSolution
		Debug|Any CPU = Debug|Any CPU
		Release|Any CPU = Release|Any CPU
	EndGlobalSection
	GlobalSection(ProjectConfigurationPlatforms) = postSolution
		{115E88D3-6138-4715-98F8-19563007644C}.Debug|Any CPU.ActiveCfg = Debug|Any CPU
		{115E88D3-6138-4715-98F8-19563007644C}.Debug|Any CPU.Build.0 = Debug|Any CPU
		{115E88D3-6138-4715-98F8-19563007644C}.Release|Any CPU.ActiveCfg = Release|Any CPU
		{115E88D3-6138-4715-98F8-19563007644C}.Release|Any CPU.Build.0 = Release|Any CPU
	EndGlobalSection
	GlobalSection(SolutionProperties) = preSolution
		HideSolutionNode = FALSE
	EndGlobalSection
	GlobalSection(ExtensibilityGlobals) = postSolution
		SolutionGuid = {DCD57556-0634-4F3A-9472-A252837B48D4}
	EndGlobalSection
EndGlobal
