
Microsoft Visual Studio Solution File, Format Version 12.00
# Visual Studio Version 17
VisualStudioVersion = 17.11.35327.3
MinimumVisualStudioVersion = 10.0.40219.1
Project("{FAE04EC0-301F-11D3-BF4B-00C04F79EFBC}") = "15_paskaita_Random", "15_paskaita_Random.csproj", "{780DD05A-A9BD-47C2-A3B3-70F3CC45DE1A}"
EndProject
Global
	GlobalSection(SolutionConfigurationPlatforms) = preSolution
		Debug|Any CPU = Debug|Any CPU
		Release|Any CPU = Release|Any CPU
	EndGlobalSection
	GlobalSection(ProjectConfigurationPlatforms) = postSolution
		{780DD05A-A9BD-47C2-A3B3-70F3CC45DE1A}.Debug|Any CPU.ActiveCfg = Debug|Any CPU
		{780DD05A-A9BD-47C2-A3B3-70F3CC45DE1A}.Debug|Any CPU.Build.0 = Debug|Any CPU
		{780DD05A-A9BD-47C2-A3B3-70F3CC45DE1A}.Release|Any CPU.ActiveCfg = Release|Any CPU
		{780DD05A-A9BD-47C2-A3B3-70F3CC45DE1A}.Release|Any CPU.Build.0 = Release|Any CPU
	EndGlobalSection
	GlobalSection(SolutionProperties) = preSolution
		HideSolutionNode = FALSE
	EndGlobalSection
	GlobalSection(ExtensibilityGlobals) = postSolution
		SolutionGuid = {9AEAA2E6-3B78-4E9E-BEEC-8F3F8114CB69}
	EndGlobalSection
EndGlobal
