
Microsoft Visual Studio Solution File, Format Version 12.00
# Visual Studio Version 17
VisualStudioVersion = 17.11.35327.3
MinimumVisualStudioVersion = 10.0.40219.1
Project("{FAE04EC0-301F-11D3-BF4B-00C04F79EFBC}") = "3_paskaita_Inheritance(paveldejimas)_OOP", "3_paskaita_Inheritance(paveldejimas)_OOP.csproj", "{DAB240C4-6E15-48B9-8EF5-D98208467052}"
EndProject
Global
	GlobalSection(SolutionConfigurationPlatforms) = preSolution
		Debug|Any CPU = Debug|Any CPU
		Release|Any CPU = Release|Any CPU
	EndGlobalSection
	GlobalSection(ProjectConfigurationPlatforms) = postSolution
		{DAB240C4-6E15-48B9-8EF5-D98208467052}.Debug|Any CPU.ActiveCfg = Debug|Any CPU
		{DAB240C4-6E15-48B9-8EF5-D98208467052}.Debug|Any CPU.Build.0 = Debug|Any CPU
		{DAB240C4-6E15-48B9-8EF5-D98208467052}.Release|Any CPU.ActiveCfg = Release|Any CPU
		{DAB240C4-6E15-48B9-8EF5-D98208467052}.Release|Any CPU.Build.0 = Release|Any CPU
	EndGlobalSection
	GlobalSection(SolutionProperties) = preSolution
		HideSolutionNode = FALSE
	EndGlobalSection
	GlobalSection(ExtensibilityGlobals) = postSolution
		SolutionGuid = {BBAAAE4E-87E7-4532-B7BF-F41179C2175A}
	EndGlobalSection
EndGlobal
