Microsoft Visual Studio Solution File, Format Version 12.00
# Visual Studio Version 17
VisualStudioVersion = 17.5.2.0
MinimumVisualStudioVersion = 10.0.40219.1
Project("{FAE04EC0-301F-11D3-BF4B-00C04F79EFBC}") = "Dapper_DB", "Dapper_DB.csproj", "{4D73ECC2-0B80-0198-821A-159E507C68FD}"
EndProject
Global
	GlobalSection(SolutionConfigurationPlatforms) = preSolution
		Debug|Any CPU = Debug|Any CPU
		Release|Any CPU = Release|Any CPU
	EndGlobalSection
	GlobalSection(ProjectConfigurationPlatforms) = postSolution
		{4D73ECC2-0B80-0198-821A-159E507C68FD}.Debug|Any CPU.ActiveCfg = Debug|Any CPU
		{4D73ECC2-0B80-0198-821A-159E507C68FD}.Debug|Any CPU.Build.0 = Debug|Any CPU
		{4D73ECC2-0B80-0198-821A-159E507C68FD}.Release|Any CPU.ActiveCfg = Release|Any CPU
		{4D73ECC2-0B80-0198-821A-159E507C68FD}.Release|Any CPU.Build.0 = Release|Any CPU
	EndGlobalSection
	GlobalSection(SolutionProperties) = preSolution
		HideSolutionNode = FALSE
	EndGlobalSection
	GlobalSection(ExtensibilityGlobals) = postSolution
		SolutionGuid = {23FCAB79-C44A-40DC-9FB7-C35506696620}
	EndGlobalSection
EndGlobal
