
Microsoft Visual Studio Solution File, Format Version 12.00
# Visual Studio Version 17
VisualStudioVersion = 17.11.35327.3
MinimumVisualStudioVersion = 10.0.40219.1
Project("{FAE04EC0-301F-11D3-BF4B-00C04F79EFBC}") = "_8_paskaita-UnitTesting", "_8_paskaita-UnitTesting.csproj", "{A3FBC7CE-FC5D-4CBC-A58E-53C5F51B94E1}"
EndProject
Project("{FAE04EC0-301F-11D3-BF4B-00C04F79EFBC}") = "UnitTest1", "..\UnitTest1\UnitTest1.csproj", "{2035678D-6D25-4B7C-965B-A017FB68961C}"
EndProject
Global
	GlobalSection(SolutionConfigurationPlatforms) = preSolution
		Debug|Any CPU = Debug|Any CPU
		Release|Any CPU = Release|Any CPU
	EndGlobalSection
	GlobalSection(ProjectConfigurationPlatforms) = postSolution
		{A3FBC7CE-FC5D-4CBC-A58E-53C5F51B94E1}.Debug|Any CPU.ActiveCfg = Debug|Any CPU
		{A3FBC7CE-FC5D-4CBC-A58E-53C5F51B94E1}.Debug|Any CPU.Build.0 = Debug|Any CPU
		{A3FBC7CE-FC5D-4CBC-A58E-53C5F51B94E1}.Release|Any CPU.ActiveCfg = Release|Any CPU
		{A3FBC7CE-FC5D-4CBC-A58E-53C5F51B94E1}.Release|Any CPU.Build.0 = Release|Any CPU
		{2035678D-6D25-4B7C-965B-A017FB68961C}.Debug|Any CPU.ActiveCfg = Debug|Any CPU
		{2035678D-6D25-4B7C-965B-A017FB68961C}.Debug|Any CPU.Build.0 = Debug|Any CPU
		{2035678D-6D25-4B7C-965B-A017FB68961C}.Release|Any CPU.ActiveCfg = Release|Any CPU
		{2035678D-6D25-4B7C-965B-A017FB68961C}.Release|Any CPU.Build.0 = Release|Any CPU
	EndGlobalSection
	GlobalSection(SolutionProperties) = preSolution
		HideSolutionNode = FALSE
	EndGlobalSection
	GlobalSection(ExtensibilityGlobals) = postSolution
		SolutionGuid = {ADE1D2BE-6AA7-48A4-A3BA-78F09AD82941}
	EndGlobalSection
EndGlobal
