
Microsoft Visual Studio Solution File, Format Version 12.00
# Visual Studio Version 17
VisualStudioVersion = 17.11.35327.3
MinimumVisualStudioVersion = 10.0.40219.1
Project("{FAE04EC0-301F-11D3-BF4B-00C04F79EFBC}") = "treciaPamoka", "treciaPamoka.csproj", "{A232DDF1-6AA7-41CA-998D-3539DF38BCB1}"
EndProject
Global
	GlobalSection(SolutionConfigurationPlatforms) = preSolution
		Debug|Any CPU = Debug|Any CPU
		Release|Any CPU = Release|Any CPU
	EndGlobalSection
	GlobalSection(ProjectConfigurationPlatforms) = postSolution
		{A232DDF1-6AA7-41CA-998D-3539DF38BCB1}.Debug|Any CPU.ActiveCfg = Debug|Any CPU
		{A232DDF1-6AA7-41CA-998D-3539DF38BCB1}.Debug|Any CPU.Build.0 = Debug|Any CPU
		{A232DDF1-6AA7-41CA-998D-3539DF38BCB1}.Release|Any CPU.ActiveCfg = Release|Any CPU
		{A232DDF1-6AA7-41CA-998D-3539DF38BCB1}.Release|Any CPU.Build.0 = Release|Any CPU
	EndGlobalSection
	GlobalSection(SolutionProperties) = preSolution
		HideSolutionNode = FALSE
	EndGlobalSection
	GlobalSection(ExtensibilityGlobals) = postSolution
		SolutionGuid = {72A3476D-65FA-4A52-9281-40FCEC1D5637}
	EndGlobalSection
EndGlobal
