
Microsoft Visual Studio Solution File, Format Version 12.00
# Visual Studio Version 17
VisualStudioVersion = 17.11.35327.3
MinimumVisualStudioVersion = 10.0.40219.1
Project("{FAE04EC0-301F-11D3-BF4B-00C04F79EFBC}") = "Protmusis", "Protmusis.csproj", "{387E332F-1D6B-4EDD-B363-2CAEE8DE5AE4}"
EndProject
Global
	GlobalSection(SolutionConfigurationPlatforms) = preSolution
		Debug|Any CPU = Debug|Any CPU
		Release|Any CPU = Release|Any CPU
	EndGlobalSection
	GlobalSection(ProjectConfigurationPlatforms) = postSolution
		{387E332F-1D6B-4EDD-B363-2CAEE8DE5AE4}.Debug|Any CPU.ActiveCfg = Debug|Any CPU
		{387E332F-1D6B-4EDD-B363-2CAEE8DE5AE4}.Debug|Any CPU.Build.0 = Debug|Any CPU
		{387E332F-1D6B-4EDD-B363-2CAEE8DE5AE4}.Release|Any CPU.ActiveCfg = Release|Any CPU
		{387E332F-1D6B-4EDD-B363-2CAEE8DE5AE4}.Release|Any CPU.Build.0 = Release|Any CPU
	EndGlobalSection
	GlobalSection(SolutionProperties) = preSolution
		HideSolutionNode = FALSE
	EndGlobalSection
	GlobalSection(ExtensibilityGlobals) = postSolution
		SolutionGuid = {3E3C312D-605E-493D-82A8-970903116301}
	EndGlobalSection
EndGlobal
